
Microsoft Visual Studio Solution File, Format Version 12.00
# Visual Studio 15
VisualStudioVersion = 15.0.28307.106
MinimumVisualStudioVersion = 10.0.40219.1
Project("{FAE04EC0-301F-11D3-BF4B-00C04F79EFBC}") = "ShoppingBasketLibrary", "ShoppingBasketLibrary\ShoppingBasketLibrary.csproj", "{FA975180-B096-4D35-B3E4-97405C0B4DD4}"
EndProject
Project("{FAE04EC0-301F-11D3-BF4B-00C04F79EFBC}") = "ShoppingBasketLibrary.Tests", "ShoppingBasketLibrary.Tests\ShoppingBasketLibrary.Tests.csproj", "{0027BAF3-E915-4A65-BD6D-CF3386B1EA60}"
EndProject
Global
	GlobalSection(SolutionConfigurationPlatforms) = preSolution
		Debug|Any CPU = Debug|Any CPU
		Release|Any CPU = Release|Any CPU
	EndGlobalSection
	GlobalSection(ProjectConfigurationPlatforms) = postSolution
		{FA975180-B096-4D35-B3E4-97405C0B4DD4}.Debug|Any CPU.ActiveCfg = Debug|Any CPU
		{FA975180-B096-4D35-B3E4-97405C0B4DD4}.Debug|Any CPU.Build.0 = Debug|Any CPU
		{FA975180-B096-4D35-B3E4-97405C0B4DD4}.Release|Any CPU.ActiveCfg = Release|Any CPU
		{FA975180-B096-4D35-B3E4-97405C0B4DD4}.Release|Any CPU.Build.0 = Release|Any CPU
		{0027BAF3-E915-4A65-BD6D-CF3386B1EA60}.Debug|Any CPU.ActiveCfg = Debug|Any CPU
		{0027BAF3-E915-4A65-BD6D-CF3386B1EA60}.Debug|Any CPU.Build.0 = Debug|Any CPU
		{0027BAF3-E915-4A65-BD6D-CF3386B1EA60}.Release|Any CPU.ActiveCfg = Release|Any CPU
		{0027BAF3-E915-4A65-BD6D-CF3386B1EA60}.Release|Any CPU.Build.0 = Release|Any CPU
	EndGlobalSection
	GlobalSection(SolutionProperties) = preSolution
		HideSolutionNode = FALSE
	EndGlobalSection
	GlobalSection(ExtensibilityGlobals) = postSolution
		SolutionGuid = {3A9F32D4-C03F-432D-AA94-E30CE455B51C}
	EndGlobalSection
EndGlobal
